
Microsoft Visual Studio Solution File, Format Version 12.00
# Visual Studio Version 17
VisualStudioVersion = 17.9.34714.143
MinimumVisualStudioVersion = 10.0.40219.1
Project("{FAE04EC0-301F-11D3-BF4B-00C04F79EFBC}") = "Disaster Response System", "Disaster Response System\Disaster Response System.csproj", "{85523BC9-8DD2-4DA1-A23E-EF40E8CC5A1E}"
EndProject
Global
	GlobalSection(SolutionConfigurationPlatforms) = preSolution
		Debug|Any CPU = Debug|Any CPU
		Release|Any CPU = Release|Any CPU
	EndGlobalSection
	GlobalSection(ProjectConfigurationPlatforms) = postSolution
		{85523BC9-8DD2-4DA1-A23E-EF40E8CC5A1E}.Debug|Any CPU.ActiveCfg = Debug|Any CPU
		{85523BC9-8DD2-4DA1-A23E-EF40E8CC5A1E}.Debug|Any CPU.Build.0 = Debug|Any CPU
		{85523BC9-8DD2-4DA1-A23E-EF40E8CC5A1E}.Release|Any CPU.ActiveCfg = Release|Any CPU
		{85523BC9-8DD2-4DA1-A23E-EF40E8CC5A1E}.Release|Any CPU.Build.0 = Release|Any CPU
	EndGlobalSection
	GlobalSection(SolutionProperties) = preSolution
		HideSolutionNode = FALSE
	EndGlobalSection
	GlobalSection(ExtensibilityGlobals) = postSolution
		SolutionGuid = {DA3F4BD9-9390-4F2D-B405-B441B39D7502}
	EndGlobalSection
EndGlobal
